PODS:
  - tealium-swift/Collect (2.15.1):
    - tealium-swift/Core
  - tealium-swift/Core (2.15.1)
  - tealium-swift/Lifecycle (2.15.1):
    - tealium-swift/Core
  - tealium-swift/RemoteCommands (2.15.1):
    - tealium-swift/Core
  - tealium-swift/TagManagement (2.15.1):
    - tealium-swift/Core
  - tealium-swift/VisitorService (2.15.1):
    - tealium-swift/Core
  - TealiumWrapperCocoapods (0.1.0):
    - tealium-swift/Collect (~> 2.15)
    - tealium-swift/Core (~> 2.15)
    - tealium-swift/Lifecycle (~> 2.15)
    - tealium-swift/RemoteCommands (~> 2.15)
    - tealium-swift/TagManagement (~> 2.15)
    - tealium-swift/VisitorService (~> 2.15)

DEPENDENCIES:
  - TealiumWrapperCocoapods (from `../`)

SPEC REPOS:
  trunk:
    - tealium-swift

EXTERNAL SOURCES:
  TealiumWrapperCocoapods:
    :path: "../"

SPEC CHECKSUMS:
  tealium-swift: a7e87d5cc3cba379678bf4e456fa7d32072eeb9b
  TealiumWrapperCocoapods: ca884ed1e6fc714c9915e65e53e23ea95675c7f2

PODFILE CHECKSUM: 4ba0d871bd1ff9d5ac6993cc0b797c597cd05a72

COCOAPODS: 1.15.2
