PODS:
  - tealium-swift/Collect (2.18.0):
    - tealium-swift/Core
  - tealium-swift/Core (2.18.0)
  - tealium-swift/Lifecycle (2.18.0):
    - tealium-swift/Core
  - tealium-swift/RemoteCommands (2.18.0):
    - tealium-swift/Core
  - tealium-swift/TagManagement (2.18.0):
    - tealium-swift/Core
  - tealium-swift/VisitorService (2.18.0):
    - tealium-swift/Core
  - TealiumWrapperCocoapods (0.1.0):
    - tealium-swift/Collect (~> 2.18)
    - tealium-swift/Core (~> 2.18)
    - tealium-swift/Lifecycle (~> 2.18)
    - tealium-swift/RemoteCommands (~> 2.18)
    - tealium-swift/TagManagement (~> 2.18)
    - tealium-swift/VisitorService (~> 2.18)

DEPENDENCIES:
  - TealiumWrapperCocoapods (from `../`)

SPEC REPOS:
  trunk:
    - tealium-swift

EXTERNAL SOURCES:
  TealiumWrapperCocoapods:
    :path: "../"

SPEC CHECKSUMS:
  tealium-swift: 891b7d27a4aa3e8b3c7398ac536382526ad215fc
  TealiumWrapperCocoapods: 6c713ea1bd85ea291573b5dfc91b7c48760588cf

PODFILE CHECKSUM: a6cbc40cf6414c78927122f29865c06002f9d6b0

COCOAPODS: 1.16.2
