PODS:
  - tealium-swift/Collect (2.12.3):
    - tealium-swift/Core
  - tealium-swift/Core (2.12.3)
  - tealium-swift/Lifecycle (2.12.3):
    - tealium-swift/Core
  - tealium-swift/RemoteCommands (2.12.3):
    - tealium-swift/Core
  - tealium-swift/TagManagement (2.12.3):
    - tealium-swift/Core
  - tealium-swift/VisitorService (2.12.3):
    - tealium-swift/Core
  - TealiumWrapperCocoapods (0.1.0):
    - tealium-swift/Collect (~> 2.12)
    - tealium-swift/Core (~> 2.12)
    - tealium-swift/Lifecycle (~> 2.12)
    - tealium-swift/RemoteCommands (~> 2.12)
    - tealium-swift/TagManagement (~> 2.12)
    - tealium-swift/VisitorService (~> 2.12)

DEPENDENCIES:
  - TealiumWrapperCocoapods (from `../`)

SPEC REPOS:
  trunk:
    - tealium-swift

EXTERNAL SOURCES:
  TealiumWrapperCocoapods:
    :path: "../"

SPEC CHECKSUMS:
  tealium-swift: 3979f3eadf84e5c9ec391f2cba01375e36d4b26c
  TealiumWrapperCocoapods: 73d1ff3a41fceb4a6f8c96dd3a2dbe4d5fa08821

PODFILE CHECKSUM: 4ba0d871bd1ff9d5ac6993cc0b797c597cd05a72

COCOAPODS: 1.15.2
